<?xml version="1.0" encoding="utf-8"?>
<Project ToolsVersion="4.0" xmlns="http://schemas.microsoft.com/developer/msbuild/2003">
  <ItemGroup>
    <Filter Include="Source Files">
      <UniqueIdentifier>{4FC737F1-C7A5-4376-A066-2A32D752A2FF}</UniqueIdentifier>
      <Extensions>cpp;c;cxx;def;odl;idl;hpj;bat;asm;asmx</Extensions>
    </Filter>
    <Filter Include="Header Files">
      <UniqueIdentifier>{93995380-89BD-4b04-88EB-625FBE52EBFB}</UniqueIdentifier>
      <Extensions>h;hpp;hxx;hm;inl;inc;xsd</Extensions>
    </Filter>
    <Filter Include="Resource Files">
      <UniqueIdentifier>{67DA6AB6-F800-4c08-8B7A-83BB121AAD01}</UniqueIdentifier>
      <Extensions>rc;ico;cur;bmp;dlg;rc2;rct;bin;rgs;gif;jpg;jpeg;jpe;resx</Extensions>
    </Filter>
    <Filter Include="Generated Files">
      <UniqueIdentifier>{5537b3aa-7890-4cba-a792-675e3fd92e04}</UniqueIdentifier>
      <SourceControlFiles>False</SourceControlFiles>
    </Filter>
  </ItemGroup>
  <ItemGroup>
    <ClCompile Include="lang_util.cc">
      <Filter>Source Files</Filter>
    </ClCompile>
    <ClCompile Include="settings.cc">
      <Filter>Source Files</Filter>
    </ClCompile>
    <ClCompile Include="settings_manager.cc">
      <Filter>Source Files</Filter>
    </ClCompile>
    <ClCompile Include="shell.cc">
      <Filter>Source Files</Filter>
    </ClCompile>
    <ClCompile Include="shell_ext.cc">
      <Filter>Source Files</Filter>
    </ClCompile>
    <ClCompile Include="stdafx.cc">
      <Filter>Source Files</Filter>
    </ClCompile>
    <ClCompile Include="string_table.cc">
      <Filter>Source Files</Filter>
    </ClCompile>
    <ClCompile Include="shell_i.c">
      <Filter>Generated Files</Filter>
    </ClCompile>
  </ItemGroup>
  <ItemGroup>
    <None Include="shell.def">
      <Filter>Source Files</Filter>
    </None>
    <None Include="lang_util.hh">
      <Filter>Header Files</Filter>
    </None>
    <None Include="settings.hh">
      <Filter>Header Files</Filter>
    </None>
    <None Include="settings_manager.hh">
      <Filter>Header Files</Filter>
    </None>
    <None Include="shell_ext.hh">
      <Filter>Header Files</Filter>
    </None>
    <None Include="stdafx.hh">
      <Filter>Header Files</Filter>
    </None>
    <None Include="string_table.hh">
      <Filter>Header Files</Filter>
    </None>
    <None Include="version.hh">
      <Filter>Header Files</Filter>
    </None>
    <None Include="resources\icon-burn.bmp">
      <Filter>Resource Files</Filter>
    </None>
    <None Include="shell.rgs">
      <Filter>Resource Files</Filter>
    </None>
    <None Include="shell_ext.rgs">
      <Filter>Resource Files</Filter>
    </None>
  </ItemGroup>
  <ItemGroup>
    <Midl Include="shell.idl">
      <Filter>Source Files</Filter>
    </Midl>
  </ItemGroup>
  <ItemGroup>
    <ClInclude Include="resource.h">
      <Filter>Header Files</Filter>
    </ClInclude>
  </ItemGroup>
  <ItemGroup>
    <ResourceCompile Include="shell.rc">
      <Filter>Resource Files</Filter>
    </ResourceCompile>
  </ItemGroup>
</Project>