Microsoft Visual Studio Solution File, Format Version 9.00
# Visual Studio 2005
Project("{8BC9CEB8-8B4A-11D0-8D11-00A0C91BC942}") = "irExpress", "irExpress.vcproj", "{A78A4924-237A-4C9E-8D38-EBF1ECC0EBB4}"
EndProject
Global
	GlobalSection(SolutionConfigurationPlatforms) = preSolution
		Debug|Win32 = Debug|Win32
		Debug|x64 = Debug|x64
		Release|Win32 = Release|Win32
		Release|x64 = Release|x64
		ReleaseA|Win32 = ReleaseA|Win32
		ReleaseA|x64 = ReleaseA|x64
		ReleaseP|Win32 = ReleaseP|Win32
		ReleaseP|x64 = ReleaseP|x64
	EndGlobalSection
	GlobalSection(ProjectConfigurationPlatforms) = postSolution
		{A78A4924-237A-4C9E-8D38-EBF1ECC0EBB4}.Debug|Win32.ActiveCfg = Debug|Win32
		{A78A4924-237A-4C9E-8D38-EBF1ECC0EBB4}.Debug|Win32.Build.0 = Debug|Win32
		{A78A4924-237A-4C9E-8D38-EBF1ECC0EBB4}.Debug|x64.ActiveCfg = Debug|x64
		{A78A4924-237A-4C9E-8D38-EBF1ECC0EBB4}.Debug|x64.Build.0 = Debug|x64
		{A78A4924-237A-4C9E-8D38-EBF1ECC0EBB4}.Release|Win32.ActiveCfg = Release|Win32
		{A78A4924-237A-4C9E-8D38-EBF1ECC0EBB4}.Release|Win32.Build.0 = Release|Win32
		{A78A4924-237A-4C9E-8D38-EBF1ECC0EBB4}.Release|x64.ActiveCfg = Release|x64
		{A78A4924-237A-4C9E-8D38-EBF1ECC0EBB4}.Release|x64.Build.0 = Release|x64
		{A78A4924-237A-4C9E-8D38-EBF1ECC0EBB4}.ReleaseA|Win32.ActiveCfg = ReleaseA|Win32
		{A78A4924-237A-4C9E-8D38-EBF1ECC0EBB4}.ReleaseA|Win32.Build.0 = ReleaseA|Win32
		{A78A4924-237A-4C9E-8D38-EBF1ECC0EBB4}.ReleaseA|x64.ActiveCfg = ReleaseA|x64
		{A78A4924-237A-4C9E-8D38-EBF1ECC0EBB4}.ReleaseA|x64.Build.0 = ReleaseA|x64
		{A78A4924-237A-4C9E-8D38-EBF1ECC0EBB4}.ReleaseP|Win32.ActiveCfg = ReleaseP|Win32
		{A78A4924-237A-4C9E-8D38-EBF1ECC0EBB4}.ReleaseP|Win32.Build.0 = ReleaseP|Win32
		{A78A4924-237A-4C9E-8D38-EBF1ECC0EBB4}.ReleaseP|x64.ActiveCfg = ReleaseP|x64
		{A78A4924-237A-4C9E-8D38-EBF1ECC0EBB4}.ReleaseP|x64.Build.0 = ReleaseP|x64
	EndGlobalSection
	GlobalSection(SolutionProperties) = preSolution
		HideSolutionNode = FALSE
	EndGlobalSection
EndGlobal
