Microsoft Visual Studio Solution File, Format Version 9.00
# Visual Studio 2005
Project("{8BC9CEB8-8B4A-11D0-8D11-00A0C91BC942}") = "irVorbis", "irVorbis.vcproj", "{571D4215-38A0-42CE-8AB7-DEEE9D2154ED}"
EndProject
Global
	GlobalSection(SolutionConfigurationPlatforms) = preSolution
		Debug|Win32 = Debug|Win32
		Release|Win32 = Release|Win32
		ReleaseA|Win32 = ReleaseA|Win32
	EndGlobalSection
	GlobalSection(ProjectConfigurationPlatforms) = postSolution
		{571D4215-38A0-42CE-8AB7-DEEE9D2154ED}.Debug|Win32.ActiveCfg = Debug|Win32
		{571D4215-38A0-42CE-8AB7-DEEE9D2154ED}.Debug|Win32.Build.0 = Debug|Win32
		{571D4215-38A0-42CE-8AB7-DEEE9D2154ED}.Release|Win32.ActiveCfg = Release|Win32
		{571D4215-38A0-42CE-8AB7-DEEE9D2154ED}.Release|Win32.Build.0 = Release|Win32
		{571D4215-38A0-42CE-8AB7-DEEE9D2154ED}.ReleaseA|Win32.ActiveCfg = ReleaseA|Win32
		{571D4215-38A0-42CE-8AB7-DEEE9D2154ED}.ReleaseA|Win32.Build.0 = ReleaseA|Win32
	EndGlobalSection
	GlobalSection(SolutionProperties) = preSolution
		HideSolutionNode = FALSE
	EndGlobalSection
EndGlobal
