Microsoft Visual Studio Solution File, Format Version 11.00
# Visual Studio 2010
Project("{2150E333-8FDC-42A3-9474-1A3956D46DE8}") = "tools", "tools", "{2C836544-04C4-4839-AAF0-CE9526E167F6}"
EndProject
Project("{2150E333-8FDC-42A3-9474-1A3956D46DE8}") = "main", "main", "{8D08569A-D3CE-4690-A244-AA1704ED3147}"
EndProject
Project("{2150E333-8FDC-42A3-9474-1A3956D46DE8}") = "codecs", "codecs", "{B13D61CA-7A76-4A61-A488-2F8D06DAF06C}"
EndProject
Project("{2150E333-8FDC-42A3-9474-1A3956D46DE8}") = "dependencies", "dependencies", "{342929BB-3FEE-47E9-A6ED-C391DE6A018D}"
EndProject
Project("{2150E333-8FDC-42A3-9474-1A3956D46DE8}") = "setup", "setup", "{4A43E150-27F3-4779-B894-9D5471CB90F9}"
EndProject
Project("{2150E333-8FDC-42A3-9474-1A3956D46DE8}") = "help", "help", "{176EBD88-B63B-466F-BB4F-3C331C89BF24}"
EndProject
Project("{2150E333-8FDC-42A3-9474-1A3956D46DE8}") = "tests", "tests", "{5B05DB5E-5941-4418-A8D1-37101F2A8E07}"
EndProject
Project("{8BC9CEB8-8B4A-11D0-8D11-00A0C91BC942}") = "infrarecorder", "app\infrarecorder_vc10.vcxproj", "{949B73FF-BD75-47C0-B965-328513C481B4}"
EndProject
Project("{8BC9CEB8-8B4A-11D0-8D11-00A0C91BC942}") = "shell", "shell\shell_vc10.vcxproj", "{A6B8E42F-4793-4995-9D63-2906375407AD}"
EndProject
Project("{8BC9CEB8-8B4A-11D0-8D11-00A0C91BC942}") = "base", "base\base_vc10.vcxproj", "{81EA1BB3-2BA0-4600-9081-2D2CB9203466}"
EndProject
Project("{8BC9CEB8-8B4A-11D0-8D11-00A0C91BC942}") = "codectester", "tools\codectester\codectester_vc10.vcxproj", "{662C79E3-70D3-4F83-BAAF-EC663B93BAFD}"
EndProject
Project("{8BC9CEB8-8B4A-11D0-8D11-00A0C91BC942}") = "translationtool", "tools\translationtool\translationtool_vc10.vcxproj", "{890C6C24-55F8-466B-91BE-221F6214C3B8}"
EndProject
Project("{8BC9CEB8-8B4A-11D0-8D11-00A0C91BC942}") = "lame", "codecs\lame\lame_vc10.vcxproj", "{E595EE31-3670-4F99-AAC0-C06B2B5D02E9}"
EndProject
Project("{8BC9CEB8-8B4A-11D0-8D11-00A0C91BC942}") = "libmp3lame-static", "..\dep\lame\vc_solution\vc9_libmp3lame.vcxproj", "{20536101-3B0E-43EF-94F9-080D595DAC57}"
EndProject
Project("{8BC9CEB8-8B4A-11D0-8D11-00A0C91BC942}") = "libmpghip-static", "..\dep\lame\vc_solution\vc9_mpglib.vcxproj", "{E2DAB91A-8248-4625-8A85-2C2C2A390DD8}"
EndProject
Project("{8BC9CEB8-8B4A-11D0-8D11-00A0C91BC942}") = "sndfile", "codecs\sndfile\sndfile_vc10.vcxproj", "{533889C9-1598-4823-BFA9-7C97FD35D6DF}"
EndProject
Project("{8BC9CEB8-8B4A-11D0-8D11-00A0C91BC942}") = "wave", "codecs\wave\wave_vc10.vcxproj", "{1A7358F8-3F30-4079-8BAB-9399B76B5187}"
EndProject
Project("{8BC9CEB8-8B4A-11D0-8D11-00A0C91BC942}") = "wma", "codecs\wma\wma_vc10.vcxproj", "{DA677405-57CD-4E24-AC27-4250A4BF0D1C}"
EndProject
Project("{8BC9CEB8-8B4A-11D0-8D11-00A0C91BC942}") = "vorbis", "codecs\vorbis\vorbis_vc10.vcxproj", "{571D4215-38A0-42CE-8AB7-DEEE9D2154ED}"
EndProject
Project("{8BC9CEB8-8B4A-11D0-8D11-00A0C91BC942}") = "libogg_static", "..\dep\libogg\win32\VS2010\libogg_static.vcxproj", "{15CBFEFF-7965-41F5-B4E2-21E8795C9159}"
EndProject
Project("{8BC9CEB8-8B4A-11D0-8D11-00A0C91BC942}") = "libvorbis_static", "..\dep\libvorbis\win32\VS2010\libvorbis\libvorbis_static.vcxproj", "{3A214E06-B95E-4D61-A291-1F8DF2EC10FD}"
EndProject
Project("{8BC9CEB8-8B4A-11D0-8D11-00A0C91BC942}") = "libvorbisfile", "..\dep\libvorbis\win32\VS2010\libvorbisfile\libvorbisfile_static.vcxproj", "{CEBDE98B-A6AA-46E6-BC79-FAAF823DB9EC}"
EndProject
Project("{8BC9CEB8-8B4A-11D0-8D11-00A0C91BC942}") = "ir_plugin", "setup\ir_plugin\ir_plugin_vc10.vcxproj", "{BC845F0A-9F4D-4A2F-8366-30B816498DBD}"
EndProject
Project("{8BC9CEB8-8B4A-11D0-8D11-00A0C91BC942}") = "setup_nsis", "setup\setup_nsis_vc10.vcxproj", "{B8D2451B-06E5-4EBD-8B84-3FA7492A41FF}"
EndProject
Project("{8BC9CEB8-8B4A-11D0-8D11-00A0C91BC942}") = "setup_wix", "setup\setup_wix_vc10.vcxproj", "{295627F8-6235-4E9D-992F-F200A7F40173}"
EndProject
Project("{8BC9CEB8-8B4A-11D0-8D11-00A0C91BC942}") = "help_english", "..\doc\english\help_english_vc10.vcxproj", "{44E47ABA-9695-4A96-BC52-53585C6AAA3C}"
EndProject
Project("{8BC9CEB8-8B4A-11D0-8D11-00A0C91BC942}") = "tests", "tests\tests_vc10.vcxproj", "{2C35640E-0BF9-4BAE-8A0E-3DE5A691D160}"
EndProject
Global
	GlobalSection(SolutionConfigurationPlatforms) = preSolution
		Debug|Win32 = Debug|Win32
		Debug|x64 = Debug|x64
		Release|Win32 = Release|Win32
		Release|x64 = Release|x64
		ReleaseP|Win32 = ReleaseP|Win32
		ReleaseP|x64 = ReleaseP|x64
	EndGlobalSection
	GlobalSection(ProjectConfigurationPlatforms) = postSolution
		{949B73FF-BD75-47C0-B965-328513C481B4}.Debug|Win32.ActiveCfg = Debug|Win32
		{949B73FF-BD75-47C0-B965-328513C481B4}.Debug|Win32.Build.0 = Debug|Win32
		{949B73FF-BD75-47C0-B965-328513C481B4}.Debug|x64.ActiveCfg = Debug|x64
		{949B73FF-BD75-47C0-B965-328513C481B4}.Debug|x64.Build.0 = Debug|x64
		{949B73FF-BD75-47C0-B965-328513C481B4}.Release|Win32.ActiveCfg = Release|Win32
		{949B73FF-BD75-47C0-B965-328513C481B4}.Release|Win32.Build.0 = Release|Win32
		{949B73FF-BD75-47C0-B965-328513C481B4}.Release|x64.ActiveCfg = Release|x64
		{949B73FF-BD75-47C0-B965-328513C481B4}.Release|x64.Build.0 = Release|x64
		{949B73FF-BD75-47C0-B965-328513C481B4}.ReleaseP|Win32.ActiveCfg = ReleaseP|Win32
		{949B73FF-BD75-47C0-B965-328513C481B4}.ReleaseP|Win32.Build.0 = ReleaseP|Win32
		{949B73FF-BD75-47C0-B965-328513C481B4}.ReleaseP|x64.ActiveCfg = ReleaseP|x64
		{949B73FF-BD75-47C0-B965-328513C481B4}.ReleaseP|x64.Build.0 = ReleaseP|x64
		{A6B8E42F-4793-4995-9D63-2906375407AD}.Debug|Win32.ActiveCfg = Debug|Win32
		{A6B8E42F-4793-4995-9D63-2906375407AD}.Debug|Win32.Build.0 = Debug|Win32
		{A6B8E42F-4793-4995-9D63-2906375407AD}.Debug|x64.ActiveCfg = Debug|x64
		{A6B8E42F-4793-4995-9D63-2906375407AD}.Debug|x64.Build.0 = Debug|x64
		{A6B8E42F-4793-4995-9D63-2906375407AD}.Release|Win32.ActiveCfg = Release|Win32
		{A6B8E42F-4793-4995-9D63-2906375407AD}.Release|Win32.Build.0 = Release|Win32
		{A6B8E42F-4793-4995-9D63-2906375407AD}.Release|x64.ActiveCfg = Release|x64
		{A6B8E42F-4793-4995-9D63-2906375407AD}.Release|x64.Build.0 = Release|x64
		{A6B8E42F-4793-4995-9D63-2906375407AD}.ReleaseP|Win32.ActiveCfg = ReleaseP|Win32
		{A6B8E42F-4793-4995-9D63-2906375407AD}.ReleaseP|Win32.Build.0 = ReleaseP|Win32
		{A6B8E42F-4793-4995-9D63-2906375407AD}.ReleaseP|x64.ActiveCfg = ReleaseP|x64
		{A6B8E42F-4793-4995-9D63-2906375407AD}.ReleaseP|x64.Build.0 = ReleaseP|x64
		{81EA1BB3-2BA0-4600-9081-2D2CB9203466}.Debug|Win32.ActiveCfg = Debug|Win32
		{81EA1BB3-2BA0-4600-9081-2D2CB9203466}.Debug|Win32.Build.0 = Debug|Win32
		{81EA1BB3-2BA0-4600-9081-2D2CB9203466}.Debug|x64.ActiveCfg = Debug|x64
		{81EA1BB3-2BA0-4600-9081-2D2CB9203466}.Debug|x64.Build.0 = Debug|x64
		{81EA1BB3-2BA0-4600-9081-2D2CB9203466}.Release|Win32.ActiveCfg = Release|Win32
		{81EA1BB3-2BA0-4600-9081-2D2CB9203466}.Release|Win32.Build.0 = Release|Win32
		{81EA1BB3-2BA0-4600-9081-2D2CB9203466}.Release|x64.ActiveCfg = Release|x64
		{81EA1BB3-2BA0-4600-9081-2D2CB9203466}.Release|x64.Build.0 = Release|x64
		{81EA1BB3-2BA0-4600-9081-2D2CB9203466}.ReleaseP|Win32.ActiveCfg = Release|Win32
		{81EA1BB3-2BA0-4600-9081-2D2CB9203466}.ReleaseP|Win32.Build.0 = Release|Win32
		{81EA1BB3-2BA0-4600-9081-2D2CB9203466}.ReleaseP|x64.ActiveCfg = Release|x64
		{81EA1BB3-2BA0-4600-9081-2D2CB9203466}.ReleaseP|x64.Build.0 = Release|x64
		{662C79E3-70D3-4F83-BAAF-EC663B93BAFD}.Debug|Win32.ActiveCfg = Debug|Win32
		{662C79E3-70D3-4F83-BAAF-EC663B93BAFD}.Debug|Win32.Build.0 = Debug|Win32
		{662C79E3-70D3-4F83-BAAF-EC663B93BAFD}.Debug|x64.ActiveCfg = Debug|x64
		{662C79E3-70D3-4F83-BAAF-EC663B93BAFD}.Debug|x64.Build.0 = Debug|x64
		{662C79E3-70D3-4F83-BAAF-EC663B93BAFD}.Release|Win32.ActiveCfg = Release|Win32
		{662C79E3-70D3-4F83-BAAF-EC663B93BAFD}.Release|Win32.Build.0 = Release|Win32
		{662C79E3-70D3-4F83-BAAF-EC663B93BAFD}.Release|x64.ActiveCfg = Release|x64
		{662C79E3-70D3-4F83-BAAF-EC663B93BAFD}.Release|x64.Build.0 = Release|x64
		{662C79E3-70D3-4F83-BAAF-EC663B93BAFD}.ReleaseP|Win32.ActiveCfg = Release|Win32
		{662C79E3-70D3-4F83-BAAF-EC663B93BAFD}.ReleaseP|x64.ActiveCfg = Release|x64
		{890C6C24-55F8-466B-91BE-221F6214C3B8}.Debug|Win32.ActiveCfg = Debug|Win32
		{890C6C24-55F8-466B-91BE-221F6214C3B8}.Debug|Win32.Build.0 = Debug|Win32
		{890C6C24-55F8-466B-91BE-221F6214C3B8}.Debug|x64.ActiveCfg = Debug|x64
		{890C6C24-55F8-466B-91BE-221F6214C3B8}.Debug|x64.Build.0 = Debug|x64
		{890C6C24-55F8-466B-91BE-221F6214C3B8}.Release|Win32.ActiveCfg = Release|Win32
		{890C6C24-55F8-466B-91BE-221F6214C3B8}.Release|Win32.Build.0 = Release|Win32
		{890C6C24-55F8-466B-91BE-221F6214C3B8}.Release|x64.ActiveCfg = Release|x64
		{890C6C24-55F8-466B-91BE-221F6214C3B8}.Release|x64.Build.0 = Release|x64
		{890C6C24-55F8-466B-91BE-221F6214C3B8}.ReleaseP|Win32.ActiveCfg = Release|Win32
		{890C6C24-55F8-466B-91BE-221F6214C3B8}.ReleaseP|x64.ActiveCfg = Release|x64
		{E595EE31-3670-4F99-AAC0-C06B2B5D02E9}.Debug|Win32.ActiveCfg = Debug|Win32
		{E595EE31-3670-4F99-AAC0-C06B2B5D02E9}.Debug|Win32.Build.0 = Debug|Win32
		{E595EE31-3670-4F99-AAC0-C06B2B5D02E9}.Debug|x64.ActiveCfg = Debug|x64
		{E595EE31-3670-4F99-AAC0-C06B2B5D02E9}.Debug|x64.Build.0 = Debug|x64
		{E595EE31-3670-4F99-AAC0-C06B2B5D02E9}.Release|Win32.ActiveCfg = Release|Win32
		{E595EE31-3670-4F99-AAC0-C06B2B5D02E9}.Release|Win32.Build.0 = Release|Win32
		{E595EE31-3670-4F99-AAC0-C06B2B5D02E9}.Release|x64.ActiveCfg = Release|x64
		{E595EE31-3670-4F99-AAC0-C06B2B5D02E9}.Release|x64.Build.0 = Release|x64
		{E595EE31-3670-4F99-AAC0-C06B2B5D02E9}.ReleaseP|Win32.ActiveCfg = Release|Win32
		{E595EE31-3670-4F99-AAC0-C06B2B5D02E9}.ReleaseP|Win32.Build.0 = Release|Win32
		{E595EE31-3670-4F99-AAC0-C06B2B5D02E9}.ReleaseP|x64.ActiveCfg = Release|x64
		{E595EE31-3670-4F99-AAC0-C06B2B5D02E9}.ReleaseP|x64.Build.0 = Release|x64
		{20536101-3B0E-43EF-94F9-080D595DAC57}.Debug|Win32.ActiveCfg = Debug|Win32
		{20536101-3B0E-43EF-94F9-080D595DAC57}.Debug|Win32.Build.0 = Debug|Win32
		{20536101-3B0E-43EF-94F9-080D595DAC57}.Debug|x64.ActiveCfg = Debug|x64
		{20536101-3B0E-43EF-94F9-080D595DAC57}.Debug|x64.Build.0 = Debug|x64
		{20536101-3B0E-43EF-94F9-080D595DAC57}.Release|Win32.ActiveCfg = Release|Win32
		{20536101-3B0E-43EF-94F9-080D595DAC57}.Release|Win32.Build.0 = Release|Win32
		{20536101-3B0E-43EF-94F9-080D595DAC57}.Release|x64.ActiveCfg = Release|x64
		{20536101-3B0E-43EF-94F9-080D595DAC57}.Release|x64.Build.0 = Release|x64
		{20536101-3B0E-43EF-94F9-080D595DAC57}.ReleaseP|Win32.ActiveCfg = Release|Win32
		{20536101-3B0E-43EF-94F9-080D595DAC57}.ReleaseP|Win32.Build.0 = Release|Win32
		{20536101-3B0E-43EF-94F9-080D595DAC57}.ReleaseP|x64.ActiveCfg = Release|x64
		{20536101-3B0E-43EF-94F9-080D595DAC57}.ReleaseP|x64.Build.0 = Release|x64
		{E2DAB91A-8248-4625-8A85-2C2C2A390DD8}.Debug|Win32.ActiveCfg = Debug|Win32
		{E2DAB91A-8248-4625-8A85-2C2C2A390DD8}.Debug|Win32.Build.0 = Debug|Win32
		{E2DAB91A-8248-4625-8A85-2C2C2A390DD8}.Debug|x64.ActiveCfg = Debug|x64
		{E2DAB91A-8248-4625-8A85-2C2C2A390DD8}.Debug|x64.Build.0 = Debug|x64
		{E2DAB91A-8248-4625-8A85-2C2C2A390DD8}.Release|Win32.ActiveCfg = Release|Win32
		{E2DAB91A-8248-4625-8A85-2C2C2A390DD8}.Release|Win32.Build.0 = Release|Win32
		{E2DAB91A-8248-4625-8A85-2C2C2A390DD8}.Release|x64.ActiveCfg = Release|x64
		{E2DAB91A-8248-4625-8A85-2C2C2A390DD8}.Release|x64.Build.0 = Release|x64
		{E2DAB91A-8248-4625-8A85-2C2C2A390DD8}.ReleaseP|Win32.ActiveCfg = Release|Win32
		{E2DAB91A-8248-4625-8A85-2C2C2A390DD8}.ReleaseP|Win32.Build.0 = Release|Win32
		{E2DAB91A-8248-4625-8A85-2C2C2A390DD8}.ReleaseP|x64.ActiveCfg = Release|Win32
		{533889C9-1598-4823-BFA9-7C97FD35D6DF}.Debug|Win32.ActiveCfg = Debug|Win32
		{533889C9-1598-4823-BFA9-7C97FD35D6DF}.Debug|Win32.Build.0 = Debug|Win32
		{533889C9-1598-4823-BFA9-7C97FD35D6DF}.Debug|x64.ActiveCfg = Debug|x64
		{533889C9-1598-4823-BFA9-7C97FD35D6DF}.Debug|x64.Build.0 = Debug|x64
		{533889C9-1598-4823-BFA9-7C97FD35D6DF}.Release|Win32.ActiveCfg = Release|Win32
		{533889C9-1598-4823-BFA9-7C97FD35D6DF}.Release|Win32.Build.0 = Release|Win32
		{533889C9-1598-4823-BFA9-7C97FD35D6DF}.Release|x64.ActiveCfg = Release|x64
		{533889C9-1598-4823-BFA9-7C97FD35D6DF}.Release|x64.Build.0 = Release|x64
		{533889C9-1598-4823-BFA9-7C97FD35D6DF}.ReleaseP|Win32.ActiveCfg = Release|Win32
		{533889C9-1598-4823-BFA9-7C97FD35D6DF}.ReleaseP|Win32.Build.0 = Release|Win32
		{533889C9-1598-4823-BFA9-7C97FD35D6DF}.ReleaseP|x64.ActiveCfg = Release|x64
		{1A7358F8-3F30-4079-8BAB-9399B76B5187}.Debug|Win32.ActiveCfg = Debug|Win32
		{1A7358F8-3F30-4079-8BAB-9399B76B5187}.Debug|Win32.Build.0 = Debug|Win32
		{1A7358F8-3F30-4079-8BAB-9399B76B5187}.Debug|x64.ActiveCfg = Debug|x64
		{1A7358F8-3F30-4079-8BAB-9399B76B5187}.Debug|x64.Build.0 = Debug|x64
		{1A7358F8-3F30-4079-8BAB-9399B76B5187}.Release|Win32.ActiveCfg = Release|Win32
		{1A7358F8-3F30-4079-8BAB-9399B76B5187}.Release|Win32.Build.0 = Release|Win32
		{1A7358F8-3F30-4079-8BAB-9399B76B5187}.Release|x64.ActiveCfg = Release|x64
		{1A7358F8-3F30-4079-8BAB-9399B76B5187}.Release|x64.Build.0 = Release|x64
		{1A7358F8-3F30-4079-8BAB-9399B76B5187}.ReleaseP|Win32.ActiveCfg = Release|Win32
		{1A7358F8-3F30-4079-8BAB-9399B76B5187}.ReleaseP|x64.ActiveCfg = Release|x64
		{1A7358F8-3F30-4079-8BAB-9399B76B5187}.ReleaseP|x64.Build.0 = Release|x64
		{DA677405-57CD-4E24-AC27-4250A4BF0D1C}.Debug|Win32.ActiveCfg = Debug|Win32
		{DA677405-57CD-4E24-AC27-4250A4BF0D1C}.Debug|Win32.Build.0 = Debug|Win32
		{DA677405-57CD-4E24-AC27-4250A4BF0D1C}.Debug|x64.ActiveCfg = Debug|x64
		{DA677405-57CD-4E24-AC27-4250A4BF0D1C}.Debug|x64.Build.0 = Debug|x64
		{DA677405-57CD-4E24-AC27-4250A4BF0D1C}.Release|Win32.ActiveCfg = Release|Win32
		{DA677405-57CD-4E24-AC27-4250A4BF0D1C}.Release|Win32.Build.0 = Release|Win32
		{DA677405-57CD-4E24-AC27-4250A4BF0D1C}.Release|x64.ActiveCfg = Release|x64
		{DA677405-57CD-4E24-AC27-4250A4BF0D1C}.Release|x64.Build.0 = Release|x64
		{DA677405-57CD-4E24-AC27-4250A4BF0D1C}.ReleaseP|Win32.ActiveCfg = Release|Win32
		{DA677405-57CD-4E24-AC27-4250A4BF0D1C}.ReleaseP|Win32.Build.0 = Release|Win32
		{DA677405-57CD-4E24-AC27-4250A4BF0D1C}.ReleaseP|x64.ActiveCfg = Release|x64
		{DA677405-57CD-4E24-AC27-4250A4BF0D1C}.ReleaseP|x64.Build.0 = Release|x64
		{571D4215-38A0-42CE-8AB7-DEEE9D2154ED}.Debug|Win32.ActiveCfg = Debug|Win32
		{571D4215-38A0-42CE-8AB7-DEEE9D2154ED}.Debug|Win32.Build.0 = Debug|Win32
		{571D4215-38A0-42CE-8AB7-DEEE9D2154ED}.Debug|x64.ActiveCfg = Debug|x64
		{571D4215-38A0-42CE-8AB7-DEEE9D2154ED}.Debug|x64.Build.0 = Debug|x64
		{571D4215-38A0-42CE-8AB7-DEEE9D2154ED}.Release|Win32.ActiveCfg = Release|Win32
		{571D4215-38A0-42CE-8AB7-DEEE9D2154ED}.Release|Win32.Build.0 = Release|Win32
		{571D4215-38A0-42CE-8AB7-DEEE9D2154ED}.Release|x64.ActiveCfg = Release|x64
		{571D4215-38A0-42CE-8AB7-DEEE9D2154ED}.Release|x64.Build.0 = Release|x64
		{571D4215-38A0-42CE-8AB7-DEEE9D2154ED}.ReleaseP|Win32.ActiveCfg = Release|Win32
		{571D4215-38A0-42CE-8AB7-DEEE9D2154ED}.ReleaseP|Win32.Build.0 = Release|Win32
		{571D4215-38A0-42CE-8AB7-DEEE9D2154ED}.ReleaseP|x64.ActiveCfg = Release|x64
		{571D4215-38A0-42CE-8AB7-DEEE9D2154ED}.ReleaseP|x64.Build.0 = Release|x64
		{15CBFEFF-7965-41F5-B4E2-21E8795C9159}.Debug|Win32.ActiveCfg = Debug|Win32
		{15CBFEFF-7965-41F5-B4E2-21E8795C9159}.Debug|Win32.Build.0 = Debug|Win32
		{15CBFEFF-7965-41F5-B4E2-21E8795C9159}.Debug|x64.ActiveCfg = Debug|x64
		{15CBFEFF-7965-41F5-B4E2-21E8795C9159}.Debug|x64.Build.0 = Debug|x64
		{15CBFEFF-7965-41F5-B4E2-21E8795C9159}.Release|Win32.ActiveCfg = Release|Win32
		{15CBFEFF-7965-41F5-B4E2-21E8795C9159}.Release|Win32.Build.0 = Release|Win32
		{15CBFEFF-7965-41F5-B4E2-21E8795C9159}.Release|x64.ActiveCfg = Release|x64
		{15CBFEFF-7965-41F5-B4E2-21E8795C9159}.Release|x64.Build.0 = Release|x64
		{15CBFEFF-7965-41F5-B4E2-21E8795C9159}.ReleaseP|Win32.ActiveCfg = Release|Win32
		{15CBFEFF-7965-41F5-B4E2-21E8795C9159}.ReleaseP|Win32.Build.0 = Release|Win32
		{15CBFEFF-7965-41F5-B4E2-21E8795C9159}.ReleaseP|x64.ActiveCfg = Release|x64
		{15CBFEFF-7965-41F5-B4E2-21E8795C9159}.ReleaseP|x64.Build.0 = Release|x64
		{3A214E06-B95E-4D61-A291-1F8DF2EC10FD}.Debug|Win32.ActiveCfg = Debug|Win32
		{3A214E06-B95E-4D61-A291-1F8DF2EC10FD}.Debug|Win32.Build.0 = Debug|Win32
		{3A214E06-B95E-4D61-A291-1F8DF2EC10FD}.Debug|x64.ActiveCfg = Debug|x64
		{3A214E06-B95E-4D61-A291-1F8DF2EC10FD}.Debug|x64.Build.0 = Debug|x64
		{3A214E06-B95E-4D61-A291-1F8DF2EC10FD}.Release|Win32.ActiveCfg = Release|Win32
		{3A214E06-B95E-4D61-A291-1F8DF2EC10FD}.Release|Win32.Build.0 = Release|Win32
		{3A214E06-B95E-4D61-A291-1F8DF2EC10FD}.Release|x64.ActiveCfg = Release|x64
		{3A214E06-B95E-4D61-A291-1F8DF2EC10FD}.Release|x64.Build.0 = Release|x64
		{3A214E06-B95E-4D61-A291-1F8DF2EC10FD}.ReleaseP|Win32.ActiveCfg = Release|Win32
		{3A214E06-B95E-4D61-A291-1F8DF2EC10FD}.ReleaseP|Win32.Build.0 = Release|Win32
		{3A214E06-B95E-4D61-A291-1F8DF2EC10FD}.ReleaseP|x64.ActiveCfg = Release|x64
		{3A214E06-B95E-4D61-A291-1F8DF2EC10FD}.ReleaseP|x64.Build.0 = Release|x64
		{CEBDE98B-A6AA-46E6-BC79-FAAF823DB9EC}.Debug|Win32.ActiveCfg = Debug|Win32
		{CEBDE98B-A6AA-46E6-BC79-FAAF823DB9EC}.Debug|Win32.Build.0 = Debug|Win32
		{CEBDE98B-A6AA-46E6-BC79-FAAF823DB9EC}.Debug|x64.ActiveCfg = Debug|x64
		{CEBDE98B-A6AA-46E6-BC79-FAAF823DB9EC}.Debug|x64.Build.0 = Debug|x64
		{CEBDE98B-A6AA-46E6-BC79-FAAF823DB9EC}.Release|Win32.ActiveCfg = Release|Win32
		{CEBDE98B-A6AA-46E6-BC79-FAAF823DB9EC}.Release|Win32.Build.0 = Release|Win32
		{CEBDE98B-A6AA-46E6-BC79-FAAF823DB9EC}.Release|x64.ActiveCfg = Release|x64
		{CEBDE98B-A6AA-46E6-BC79-FAAF823DB9EC}.Release|x64.Build.0 = Release|x64
		{CEBDE98B-A6AA-46E6-BC79-FAAF823DB9EC}.ReleaseP|Win32.ActiveCfg = Release|Win32
		{CEBDE98B-A6AA-46E6-BC79-FAAF823DB9EC}.ReleaseP|Win32.Build.0 = Release|Win32
		{CEBDE98B-A6AA-46E6-BC79-FAAF823DB9EC}.ReleaseP|x64.ActiveCfg = Release|x64
		{CEBDE98B-A6AA-46E6-BC79-FAAF823DB9EC}.ReleaseP|x64.Build.0 = Release|x64
		{BC845F0A-9F4D-4A2F-8366-30B816498DBD}.Debug|Win32.ActiveCfg = Debug|Win32
		{BC845F0A-9F4D-4A2F-8366-30B816498DBD}.Debug|Win32.Build.0 = Debug|Win32
		{BC845F0A-9F4D-4A2F-8366-30B816498DBD}.Debug|x64.ActiveCfg = Debug|Win32
		{BC845F0A-9F4D-4A2F-8366-30B816498DBD}.Release|Win32.ActiveCfg = Release|Win32
		{BC845F0A-9F4D-4A2F-8366-30B816498DBD}.Release|Win32.Build.0 = Release|Win32
		{BC845F0A-9F4D-4A2F-8366-30B816498DBD}.Release|x64.ActiveCfg = Release|Win32
		{BC845F0A-9F4D-4A2F-8366-30B816498DBD}.ReleaseP|Win32.ActiveCfg = Release|Win32
		{BC845F0A-9F4D-4A2F-8366-30B816498DBD}.ReleaseP|x64.ActiveCfg = Release|Win32
		{B8D2451B-06E5-4EBD-8B84-3FA7492A41FF}.Debug|Win32.ActiveCfg = Debug|Win32
		{B8D2451B-06E5-4EBD-8B84-3FA7492A41FF}.Debug|x64.ActiveCfg = Debug|Win32
		{B8D2451B-06E5-4EBD-8B84-3FA7492A41FF}.Release|Win32.ActiveCfg = Release|Win32
		{B8D2451B-06E5-4EBD-8B84-3FA7492A41FF}.Release|Win32.Build.0 = Release|Win32
		{B8D2451B-06E5-4EBD-8B84-3FA7492A41FF}.Release|x64.ActiveCfg = Release|Win32
		{B8D2451B-06E5-4EBD-8B84-3FA7492A41FF}.ReleaseP|Win32.ActiveCfg = Release|Win32
		{B8D2451B-06E5-4EBD-8B84-3FA7492A41FF}.ReleaseP|x64.ActiveCfg = Release|Win32
		{295627F8-6235-4E9D-992F-F200A7F40173}.Debug|Win32.ActiveCfg = Debug|Win32
		{295627F8-6235-4E9D-992F-F200A7F40173}.Debug|x64.ActiveCfg = Debug|x64
		{295627F8-6235-4E9D-992F-F200A7F40173}.Release|Win32.ActiveCfg = Release|Win32
		{295627F8-6235-4E9D-992F-F200A7F40173}.Release|x64.ActiveCfg = Release|x64
		{295627F8-6235-4E9D-992F-F200A7F40173}.Release|x64.Build.0 = Release|x64
		{295627F8-6235-4E9D-992F-F200A7F40173}.ReleaseP|Win32.ActiveCfg = Release|Win32
		{295627F8-6235-4E9D-992F-F200A7F40173}.ReleaseP|x64.ActiveCfg = Release|x64
		{44E47ABA-9695-4A96-BC52-53585C6AAA3C}.Debug|Win32.ActiveCfg = Debug|Win32
		{44E47ABA-9695-4A96-BC52-53585C6AAA3C}.Debug|Win32.Build.0 = Debug|Win32
		{44E47ABA-9695-4A96-BC52-53585C6AAA3C}.Debug|x64.ActiveCfg = Debug|Win32
		{44E47ABA-9695-4A96-BC52-53585C6AAA3C}.Debug|x64.Build.0 = Debug|Win32
		{44E47ABA-9695-4A96-BC52-53585C6AAA3C}.Release|Win32.ActiveCfg = Release|Win32
		{44E47ABA-9695-4A96-BC52-53585C6AAA3C}.Release|Win32.Build.0 = Release|Win32
		{44E47ABA-9695-4A96-BC52-53585C6AAA3C}.Release|x64.ActiveCfg = Release|Win32
		{44E47ABA-9695-4A96-BC52-53585C6AAA3C}.Release|x64.Build.0 = Release|Win32
		{44E47ABA-9695-4A96-BC52-53585C6AAA3C}.ReleaseP|Win32.ActiveCfg = Release|Win32
		{44E47ABA-9695-4A96-BC52-53585C6AAA3C}.ReleaseP|Win32.Build.0 = Release|Win32
		{44E47ABA-9695-4A96-BC52-53585C6AAA3C}.ReleaseP|x64.ActiveCfg = Release|Win32
		{44E47ABA-9695-4A96-BC52-53585C6AAA3C}.ReleaseP|x64.Build.0 = Release|Win32
		{2C35640E-0BF9-4BAE-8A0E-3DE5A691D160}.Debug|Win32.ActiveCfg = Debug|Win32
		{2C35640E-0BF9-4BAE-8A0E-3DE5A691D160}.Debug|Win32.Build.0 = Debug|Win32
		{2C35640E-0BF9-4BAE-8A0E-3DE5A691D160}.Debug|x64.ActiveCfg = Debug|x64
		{2C35640E-0BF9-4BAE-8A0E-3DE5A691D160}.Debug|x64.Build.0 = Debug|x64
		{2C35640E-0BF9-4BAE-8A0E-3DE5A691D160}.Release|Win32.ActiveCfg = Release|Win32
		{2C35640E-0BF9-4BAE-8A0E-3DE5A691D160}.Release|Win32.Build.0 = Release|Win32
		{2C35640E-0BF9-4BAE-8A0E-3DE5A691D160}.Release|x64.ActiveCfg = Release|x64
		{2C35640E-0BF9-4BAE-8A0E-3DE5A691D160}.Release|x64.Build.0 = Release|x64
		{2C35640E-0BF9-4BAE-8A0E-3DE5A691D160}.ReleaseP|Win32.ActiveCfg = Release|x64
		{2C35640E-0BF9-4BAE-8A0E-3DE5A691D160}.ReleaseP|x64.ActiveCfg = Release|x64
		{2C35640E-0BF9-4BAE-8A0E-3DE5A691D160}.ReleaseP|x64.Build.0 = Release|x64
	EndGlobalSection
	GlobalSection(SolutionProperties) = preSolution
		HideSolutionNode = FALSE
	EndGlobalSection
	GlobalSection(NestedProjects) = preSolution
		{662C79E3-70D3-4F83-BAAF-EC663B93BAFD} = {2C836544-04C4-4839-AAF0-CE9526E167F6}
		{890C6C24-55F8-466B-91BE-221F6214C3B8} = {2C836544-04C4-4839-AAF0-CE9526E167F6}
		{949B73FF-BD75-47C0-B965-328513C481B4} = {8D08569A-D3CE-4690-A244-AA1704ED3147}
		{A6B8E42F-4793-4995-9D63-2906375407AD} = {8D08569A-D3CE-4690-A244-AA1704ED3147}
		{81EA1BB3-2BA0-4600-9081-2D2CB9203466} = {8D08569A-D3CE-4690-A244-AA1704ED3147}
		{E595EE31-3670-4F99-AAC0-C06B2B5D02E9} = {B13D61CA-7A76-4A61-A488-2F8D06DAF06C}
		{533889C9-1598-4823-BFA9-7C97FD35D6DF} = {B13D61CA-7A76-4A61-A488-2F8D06DAF06C}
		{1A7358F8-3F30-4079-8BAB-9399B76B5187} = {B13D61CA-7A76-4A61-A488-2F8D06DAF06C}
		{DA677405-57CD-4E24-AC27-4250A4BF0D1C} = {B13D61CA-7A76-4A61-A488-2F8D06DAF06C}
		{571D4215-38A0-42CE-8AB7-DEEE9D2154ED} = {B13D61CA-7A76-4A61-A488-2F8D06DAF06C}
		{20536101-3B0E-43EF-94F9-080D595DAC57} = {342929BB-3FEE-47E9-A6ED-C391DE6A018D}
		{E2DAB91A-8248-4625-8A85-2C2C2A390DD8} = {342929BB-3FEE-47E9-A6ED-C391DE6A018D}
		{15CBFEFF-7965-41F5-B4E2-21E8795C9159} = {342929BB-3FEE-47E9-A6ED-C391DE6A018D}
		{3A214E06-B95E-4D61-A291-1F8DF2EC10FD} = {342929BB-3FEE-47E9-A6ED-C391DE6A018D}
		{CEBDE98B-A6AA-46E6-BC79-FAAF823DB9EC} = {342929BB-3FEE-47E9-A6ED-C391DE6A018D}
		{BC845F0A-9F4D-4A2F-8366-30B816498DBD} = {4A43E150-27F3-4779-B894-9D5471CB90F9}
		{B8D2451B-06E5-4EBD-8B84-3FA7492A41FF} = {4A43E150-27F3-4779-B894-9D5471CB90F9}
		{295627F8-6235-4E9D-992F-F200A7F40173} = {4A43E150-27F3-4779-B894-9D5471CB90F9}
		{44E47ABA-9695-4A96-BC52-53585C6AAA3C} = {176EBD88-B63B-466F-BB4F-3C331C89BF24}
		{2C35640E-0BF9-4BAE-8A0E-3DE5A691D160} = {5B05DB5E-5941-4418-A8D1-37101F2A8E07}
	EndGlobalSection
EndGlobal
